<?xml version="1.0" encoding="utf-8"?>
<Project ToolsVersion="4.0" xmlns="http://schemas.microsoft.com/developer/msbuild/2003">
  <ItemGroup>
    <Filter Include="Исходные файлы">
      <UniqueIdentifier>{4FC737F1-C7A5-4376-A066-2A32D752A2FF}</UniqueIdentifier>
      <Extensions>cpp;c;cc;cxx;c++;cppm;ixx;def;odl;idl;hpj;bat;asm;asmx</Extensions>
    </Filter>
    <Filter Include="Файлы заголовков">
      <UniqueIdentifier>{93995380-89BD-4b04-88EB-625FBE52EBFB}</UniqueIdentifier>
      <Extensions>h;hh;hpp;hxx;h++;hm;inl;inc;ipp;xsd</Extensions>
    </Filter>
    <Filter Include="Файлы ресурсов">
      <UniqueIdentifier>{67DA6AB6-F800-4c08-8B7A-83BB121AAD01}</UniqueIdentifier>
      <Extensions>rc;ico;cur;bmp;dlg;rc2;rct;bin;rgs;gif;jpg;jpeg;jpe;resx;tiff;tif;png;wav;mfcribbon-ms</Extensions>
    </Filter>
    <Filter Include="Исходные файлы\Engine">
      <UniqueIdentifier>{27c49318-de47-48e4-864c-a72e3ce06a83}</UniqueIdentifier>
    </Filter>
    <Filter Include="Исходные файлы\Engine\TcpServer">
      <UniqueIdentifier>{f0694c33-53ff-43f8-babf-c810ffa752d9}</UniqueIdentifier>
    </Filter>
    <Filter Include="Исходные файлы\Utils">
      <UniqueIdentifier>{f726ac65-90b6-442e-822b-87cc74206db9}</UniqueIdentifier>
    </Filter>
    <Filter Include="Исходные файлы\Utils\ConfigHelper">
      <UniqueIdentifier>{39a076ea-673a-45b3-b8d5-86c16da27e35}</UniqueIdentifier>
    </Filter>
    <Filter Include="Исходные файлы\Data">
      <UniqueIdentifier>{6eb81a69-5d74-4c7e-83b1-1d4880442daa}</UniqueIdentifier>
    </Filter>
    <Filter Include="Исходные файлы\Data\Enums">
      <UniqueIdentifier>{0f690d6a-f00d-4e2b-819d-358ffd07b8a0}</UniqueIdentifier>
    </Filter>
    <Filter Include="Исходные файлы\Utils\Logger">
      <UniqueIdentifier>{2e0e4cf6-e222-476d-b146-f75b247d963a}</UniqueIdentifier>
    </Filter>
  </ItemGroup>
  <ItemGroup>
    <ClCompile Include="main.cpp">
      <Filter>Исходные файлы</Filter>
    </ClCompile>
    <ClCompile Include="Engine\TcpServer\TcpServer.cpp">
      <Filter>Исходные файлы\Engine\TcpServer</Filter>
    </ClCompile>
    <ClCompile Include="Data\Enums\ClientType.cpp">
      <Filter>Исходные файлы\Data\Enums</Filter>
    </ClCompile>
    <ClCompile Include="Utils\Logger\Logger.cpp">
      <Filter>Исходные файлы\Utils\Logger</Filter>
    </ClCompile>
  </ItemGroup>
  <ItemGroup>
    <ClInclude Include="Engine\TcpServer\TcpServer.h">
      <Filter>Исходные файлы\Engine\TcpServer</Filter>
    </ClInclude>
    <ClInclude Include="Utils\ConfigHelper\ConfigHelper.h">
      <Filter>Исходные файлы\Utils\ConfigHelper</Filter>
    </ClInclude>
    <ClInclude Include="Data\Enums\ClientType.h">
      <Filter>Исходные файлы\Data\Enums</Filter>
    </ClInclude>
    <ClInclude Include="Data\ClientInfo.h">
      <Filter>Исходные файлы\Data</Filter>
    </ClInclude>
    <ClInclude Include="Utils\Logger\Logger.h">
      <Filter>Исходные файлы\Utils\Logger</Filter>
    </ClInclude>
  </ItemGroup>
  <ItemGroup>
    <None Include="appsettings.ini" />
  </ItemGroup>
</Project>